PODS:
  - AppAuth (1.4.0):
    - AppAuth/Core (= 1.4.0)
    - AppAuth/ExternalUserAgent (= 1.4.0)
  - AppAuth/Core (1.4.0)
  - AppAuth/ExternalUserAgent (1.4.0)
  - boost-for-react-native (1.63.0)
  - DoubleConversion (1.1.6)
  - FBLazyVector (0.62.3)
  - FBReactNativeSpec (0.62.3):
    - Folly (= 2018.10.22.00)
    - RCTRequired (= 0.62.3)
    - RCTTypeSafety (= 0.62.3)
    - React-Core (= 0.62.3)
    - React-jsi (= 0.62.3)
    - ReactCommon/turbomodule/core (= 0.62.3)
  - FBSDKCoreKit (8.2.0):
    - FBSDKCoreKit/Basics (= 8.2.0)
    - FBSDKCoreKit/Core (= 8.2.0)
  - FBSDKCoreKit/Basics (8.2.0)
  - FBSDKCoreKit/Core (8.2.0):
    - FBSDKCoreKit/Basics
  - FBSDKLoginKit (8.2.0):
    - FBSDKLoginKit/Login (= 8.2.0)
  - FBSDKLoginKit/Login (8.2.0):
    - FBSDKCoreKit (~> 8.2.0)
  - FBSDKShareKit (8.2.0):
    - FBSDKShareKit/Share (= 8.2.0)
  - FBSDKShareKit/Share (8.2.0):
    - FBSDKCoreKit (~> 8.2.0)
  - Firebase/CoreOnly (7.11.0):
    - FirebaseCore (= 7.11.0)
  - FirebaseCore (7.11.0):
    - FirebaseCoreDiagnostics (~> 7.4)
    - GoogleUtilities/Environment (~> 7.0)
    - GoogleUtilities/Logger (~> 7.0)
  - FirebaseCoreDiagnostics (7.11.0):
    - GoogleDataTransport (~> 8.4)
    - GoogleUtilities/Environment (~> 7.0)
    - GoogleUtilities/Logger (~> 7.0)
    - nanopb (~> 2.30908.0)
  - Folly (2018.10.22.00):
    - boost-for-react-native
    - DoubleConversion
    - Folly/Default (= 2018.10.22.00)
    - glog
  - Folly/Default (2018.10.22.00):
    - boost-for-react-native
    - DoubleConversion
    - glog
  - glog (0.3.5)
  - GoogleDataTransport (8.4.0):
    - GoogleUtilities/Environment (~> 7.2)
    - nanopb (~> 2.30908.0)
    - PromisesObjC (~> 1.2)
  - GoogleSignIn (5.0.2):
    - AppAuth (~> 1.2)
    - GTMAppAuth (~> 1.0)
    - GTMSessionFetcher/Core (~> 1.1)
  - GoogleUtilities/Environment (7.3.1):
    - PromisesObjC (~> 1.2)
  - GoogleUtilities/Logger (7.3.1):
    - GoogleUtilities/Environment
  - GTMAppAuth (1.2.1):
    - AppAuth/Core (~> 1.4)
    - GTMSessionFetcher/Core (~> 1.5)
  - GTMSessionFetcher/Core (1.5.0)
  - lottie-ios (3.1.9)
  - lottie-react-native (3.5.0):
    - lottie-ios (~> 3.1.8)
    - React
  - nanopb (2.30908.0):
    - nanopb/decode (= 2.30908.0)
    - nanopb/encode (= 2.30908.0)
  - nanopb/decode (2.30908.0)
  - nanopb/encode (2.30908.0)
  - Permission-Camera (2.2.2):
    - RNPermissions
  - PromisesObjC (1.2.12)
  - RCTRequired (0.62.3)
  - RCTTypeSafety (0.62.3):
    - FBLazyVector (= 0.62.3)
    - Folly (= 2018.10.22.00)
    - RCTRequired (= 0.62.3)
    - React-Core (= 0.62.3)
  - React (0.62.3):
    - React-Core (= 0.62.3)
    - React-Core/DevSupport (= 0.62.3)
    - React-Core/RCTWebSocket (= 0.62.3)
    - React-RCTActionSheet (= 0.62.3)
    - React-RCTAnimation (= 0.62.3)
    - React-RCTBlob (= 0.62.3)
    - React-RCTImage (= 0.62.3)
    - React-RCTLinking (= 0.62.3)
    - React-RCTNetwork (= 0.62.3)
    - React-RCTSettings (= 0.62.3)
    - React-RCTText (= 0.62.3)
    - React-RCTVibration (= 0.62.3)
  - React-Core (0.62.3):
    - Folly (= 2018.10.22.00)
    - glog
    - React-Core/Default (= 0.62.3)
    - React-cxxreact (= 0.62.3)
    - React-jsi (= 0.62.3)
    - React-jsiexecutor (= 0.62.3)
    - Yoga
  - React-Core/CoreModulesHeaders (0.62.3):
    - Folly (= 2018.10.22.00)
    - glog
    - React-Core/Default
    - React-cxxreact (= 0.62.3)
    - React-jsi (= 0.62.3)
    - React-jsiexecutor (= 0.62.3)
    - Yoga
  - React-Core/Default (0.62.3):
    - Folly (= 2018.10.22.00)
    - glog
    - React-cxxreact (= 0.62.3)
    - React-jsi (= 0.62.3)
    - React-jsiexecutor (= 0.62.3)
    - Yoga
  - React-Core/DevSupport (0.62.3):
    - Folly (= 2018.10.22.00)
    - glog
    - React-Core/Default (= 0.62.3)
    - React-Core/RCTWebSocket (= 0.62.3)
    - React-cxxreact (= 0.62.3)
    - React-jsi (= 0.62.3)
    - React-jsiexecutor (= 0.62.3)
    - React-jsinspector (= 0.62.3)
    - Yoga
  - React-Core/RCTActionSheetHeaders (0.62.3):
    - Folly (= 2018.10.22.00)
    - glog
    - React-Core/Default
    - React-cxxreact (= 0.62.3)
    - React-jsi (= 0.62.3)
    - React-jsiexecutor (= 0.62.3)
    - Yoga
  - React-Core/RCTAnimationHeaders (0.62.3):
    - Folly (= 2018.10.22.00)
    - glog
    - React-Core/Default
    - React-cxxreact (= 0.62.3)
    - React-jsi (= 0.62.3)
    - React-jsiexecutor (= 0.62.3)
    - Yoga
  - React-Core/RCTBlobHeaders (0.62.3):
    - Folly (= 2018.10.22.00)
    - glog
    - React-Core/Default
    - React-cxxreact (= 0.62.3)
    - React-jsi (= 0.62.3)
    - React-jsiexecutor (= 0.62.3)
    - Yoga
  - React-Core/RCTImageHeaders (0.62.3):
    - Folly (= 2018.10.22.00)
    - glog
    - React-Core/Default
    - React-cxxreact (= 0.62.3)
    - React-jsi (= 0.62.3)
    - React-jsiexecutor (= 0.62.3)
    - Yoga
  - React-Core/RCTLinkingHeaders (0.62.3):
    - Folly (= 2018.10.22.00)
    - glog
    - React-Core/Default
    - React-cxxreact (= 0.62.3)
    - React-jsi (= 0.62.3)
    - React-jsiexecutor (= 0.62.3)
    - Yoga
  - React-Core/RCTNetworkHeaders (0.62.3):
    - Folly (= 2018.10.22.00)
    - glog
    - React-Core/Default
    - React-cxxreact (= 0.62.3)
    - React-jsi (= 0.62.3)
    - React-jsiexecutor (= 0.62.3)
    - Yoga
  - React-Core/RCTSettingsHeaders (0.62.3):
    - Folly (= 2018.10.22.00)
    - glog
    - React-Core/Default
    - React-cxxreact (= 0.62.3)
    - React-jsi (= 0.62.3)
    - React-jsiexecutor (= 0.62.3)
    - Yoga
  - React-Core/RCTTextHeaders (0.62.3):
    - Folly (= 2018.10.22.00)
    - glog
    - React-Core/Default
    - React-cxxreact (= 0.62.3)
    - React-jsi (= 0.62.3)
    - React-jsiexecutor (= 0.62.3)
    - Yoga
  - React-Core/RCTVibrationHeaders (0.62.3):
    - Folly (= 2018.10.22.00)
    - glog
    - React-Core/Default
    - React-cxxreact (= 0.62.3)
    - React-jsi (= 0.62.3)
    - React-jsiexecutor (= 0.62.3)
    - Yoga
  - React-Core/RCTWebSocket (0.62.3):
    - Folly (= 2018.10.22.00)
    - glog
    - React-Core/Default (= 0.62.3)
    - React-cxxreact (= 0.62.3)
    - React-jsi (= 0.62.3)
    - React-jsiexecutor (= 0.62.3)
    - Yoga
  - React-CoreModules (0.62.3):
    - FBReactNativeSpec (= 0.62.3)
    - Folly (= 2018.10.22.00)
    - RCTTypeSafety (= 0.62.3)
    - React-Core/CoreModulesHeaders (= 0.62.3)
    - React-RCTImage (= 0.62.3)
    - ReactCommon/turbomodule/core (= 0.62.3)
  - React-cxxreact (0.62.3):
    - boost-for-react-native (= 1.63.0)
    - DoubleConversion
    - Folly (= 2018.10.22.00)
    - glog
    - React-jsinspector (= 0.62.3)
  - React-jsi (0.62.3):
    - boost-for-react-native (= 1.63.0)
    - DoubleConversion
    - Folly (= 2018.10.22.00)
    - glog
    - React-jsi/Default (= 0.62.3)
  - React-jsi/Default (0.62.3):
    - boost-for-react-native (= 1.63.0)
    - DoubleConversion
    - Folly (= 2018.10.22.00)
    - glog
  - React-jsiexecutor (0.62.3):
    - DoubleConversion
    - Folly (= 2018.10.22.00)
    - glog
    - React-cxxreact (= 0.62.3)
    - React-jsi (= 0.62.3)
  - React-jsinspector (0.62.3)
  - react-native-background-timer (2.4.1):
    - React-Core
  - react-native-camera (3.43.8):
    - React-Core
    - react-native-camera/RCT (= 3.43.8)
    - react-native-camera/RN (= 3.43.8)
  - react-native-camera/RCT (3.43.8):
    - React-Core
  - react-native-camera/RN (3.43.8):
    - React-Core
  - react-native-fbsdk (3.0.0):
    - React
    - react-native-fbsdk/Core (= 3.0.0)
    - react-native-fbsdk/Login (= 3.0.0)
    - react-native-fbsdk/Share (= 3.0.0)
  - react-native-fbsdk/Core (3.0.0):
    - FBSDKCoreKit (~> 8.1)
    - React
  - react-native-fbsdk/Login (3.0.0):
    - FBSDKLoginKit (~> 8.1)
    - React
  - react-native-fbsdk/Share (3.0.0):
    - FBSDKShareKit (~> 8.1)
    - React
  - react-native-nfc-manager (2.3.1):
    - React
  - react-native-safe-area-context (3.2.0):
    - React-Core
  - React-RCTActionSheet (0.62.3):
    - React-Core/RCTActionSheetHeaders (= 0.62.3)
  - React-RCTAnimation (0.62.3):
    - FBReactNativeSpec (= 0.62.3)
    - Folly (= 2018.10.22.00)
    - RCTTypeSafety (= 0.62.3)
    - React-Core/RCTAnimationHeaders (= 0.62.3)
    - ReactCommon/turbomodule/core (= 0.62.3)
  - React-RCTBlob (0.62.3):
    - FBReactNativeSpec (= 0.62.3)
    - Folly (= 2018.10.22.00)
    - React-Core/RCTBlobHeaders (= 0.62.3)
    - React-Core/RCTWebSocket (= 0.62.3)
    - React-jsi (= 0.62.3)
    - React-RCTNetwork (= 0.62.3)
    - ReactCommon/turbomodule/core (= 0.62.3)
  - React-RCTImage (0.62.3):
    - FBReactNativeSpec (= 0.62.3)
    - Folly (= 2018.10.22.00)
    - RCTTypeSafety (= 0.62.3)
    - React-Core/RCTImageHeaders (= 0.62.3)
    - React-RCTNetwork (= 0.62.3)
    - ReactCommon/turbomodule/core (= 0.62.3)
  - React-RCTLinking (0.62.3):
    - FBReactNativeSpec (= 0.62.3)
    - React-Core/RCTLinkingHeaders (= 0.62.3)
    - ReactCommon/turbomodule/core (= 0.62.3)
  - React-RCTNetwork (0.62.3):
    - FBReactNativeSpec (= 0.62.3)
    - Folly (= 2018.10.22.00)
    - RCTTypeSafety (= 0.62.3)
    - React-Core/RCTNetworkHeaders (= 0.62.3)
    - ReactCommon/turbomodule/core (= 0.62.3)
  - React-RCTSettings (0.62.3):
    - FBReactNativeSpec (= 0.62.3)
    - Folly (= 2018.10.22.00)
    - RCTTypeSafety (= 0.62.3)
    - React-Core/RCTSettingsHeaders (= 0.62.3)
    - ReactCommon/turbomodule/core (= 0.62.3)
  - React-RCTText (0.62.3):
    - React-Core/RCTTextHeaders (= 0.62.3)
  - React-RCTVibration (0.62.3):
    - FBReactNativeSpec (= 0.62.3)
    - Folly (= 2018.10.22.00)
    - React-Core/RCTVibrationHeaders (= 0.62.3)
    - ReactCommon/turbomodule/core (= 0.62.3)
  - ReactCommon/callinvoker (0.62.3):
    - DoubleConversion
    - Folly (= 2018.10.22.00)
    - glog
    - React-cxxreact (= 0.62.3)
  - ReactCommon/turbomodule/core (0.62.3):
    - DoubleConversion
    - Folly (= 2018.10.22.00)
    - glog
    - React-Core (= 0.62.3)
    - React-cxxreact (= 0.62.3)
    - React-jsi (= 0.62.3)
    - ReactCommon/callinvoker (= 0.62.3)
  - RNCAsyncStorage (1.12.1):
    - React-Core
  - RNCClipboard (1.7.0):
    - React-Core
  - RNCMaskedView (0.1.11):
    - React
  - RNCPushNotificationIOS (1.8.0):
    - React-Core
  - RNFBApp (11.5.0):
    - Firebase/CoreOnly (= 7.11.0)
    - React-Core
  - RNGestureHandler (1.10.3):
    - React-Core
  - RNGoogleSignin (5.0.0):
    - GoogleSignIn (~> 5.0.0)
    - React-Core
  - RNPermissions (2.2.2):
    - React-Core
  - RNReanimated (1.13.3):
    - React-Core
  - RNScreens (2.18.1):
    - React-Core
  - RNSVG (12.1.1):
    - React
  - RNVectorIcons (6.7.0):
    - React
  - toolbar-android (0.1.0-rc.2):
    - React
  - Yoga (1.14.0)

DEPENDENCIES:
  - DoubleConversion (from `../node_modules/react-native/third-party-podspecs/DoubleConversion.podspec`)
  - FBLazyVector (from `../node_modules/react-native/Libraries/FBLazyVector`)
  - FBReactNativeSpec (from `../node_modules/react-native/Libraries/FBReactNativeSpec`)
  - Folly (from `../node_modules/react-native/third-party-podspecs/Folly.podspec`)
  - glog (from `../node_modules/react-native/third-party-podspecs/glog.podspec`)
  - GoogleSignIn (~> 5.0.2)
  - lottie-react-native (from `../node_modules/lottie-react-native`)
  - Permission-Camera (from `../node_modules/react-native-permissions/ios/Camera.podspec`)
  - RCTRequired (from `../node_modules/react-native/Libraries/RCTRequired`)
  - RCTTypeSafety (from `../node_modules/react-native/Libraries/TypeSafety`)
  - React (from `../node_modules/react-native/`)
  - React-Core (from `../node_modules/react-native/`)
  - React-Core/DevSupport (from `../node_modules/react-native/`)
  - React-Core/RCTWebSocket (from `../node_modules/react-native/`)
  - React-CoreModules (from `../node_modules/react-native/React/CoreModules`)
  - React-cxxreact (from `../node_modules/react-native/ReactCommon/cxxreact`)
  - React-jsi (from `../node_modules/react-native/ReactCommon/jsi`)
  - React-jsiexecutor (from `../node_modules/react-native/ReactCommon/jsiexecutor`)
  - React-jsinspector (from `../node_modules/react-native/ReactCommon/jsinspector`)
  - react-native-background-timer (from `../node_modules/react-native-background-timer`)
  - react-native-camera (from `../node_modules/react-native-camera`)
  - react-native-fbsdk (from `../node_modules/react-native-fbsdk`)
  - react-native-nfc-manager (from `../node_modules/react-native-nfc-manager`)
  - react-native-safe-area-context (from `../node_modules/react-native-safe-area-context`)
  - React-RCTActionSheet (from `../node_modules/react-native/Libraries/ActionSheetIOS`)
  - React-RCTAnimation (from `../node_modules/react-native/Libraries/NativeAnimation`)
  - React-RCTBlob (from `../node_modules/react-native/Libraries/Blob`)
  - React-RCTImage (from `../node_modules/react-native/Libraries/Image`)
  - React-RCTLinking (from `../node_modules/react-native/Libraries/LinkingIOS`)
  - React-RCTNetwork (from `../node_modules/react-native/Libraries/Network`)
  - React-RCTSettings (from `../node_modules/react-native/Libraries/Settings`)
  - React-RCTText (from `../node_modules/react-native/Libraries/Text`)
  - React-RCTVibration (from `../node_modules/react-native/Libraries/Vibration`)
  - ReactCommon/callinvoker (from `../node_modules/react-native/ReactCommon`)
  - ReactCommon/turbomodule/core (from `../node_modules/react-native/ReactCommon`)
  - "RNCAsyncStorage (from `../node_modules/@react-native-community/async-storage`)"
  - "RNCClipboard (from `../node_modules/@react-native-clipboard/clipboard`)"
  - "RNCMaskedView (from `../node_modules/@react-native-community/masked-view`)"
  - "RNCPushNotificationIOS (from `../node_modules/@react-native-community/push-notification-ios`)"
  - "RNFBApp (from `../node_modules/@react-native-firebase/app`)"
  - RNGestureHandler (from `../node_modules/react-native-gesture-handler`)
  - "RNGoogleSignin (from `../node_modules/@react-native-community/google-signin`)"
  - RNPermissions (from `../node_modules/react-native-permissions`)
  - RNReanimated (from `../node_modules/react-native-reanimated`)
  - RNScreens (from `../node_modules/react-native-screens`)
  - RNSVG (from `../node_modules/react-native-svg`)
  - RNVectorIcons (from `../node_modules/react-native-vector-icons`)
  - "toolbar-android (from `../node_modules/@react-native-community/toolbar-android`)"
  - Yoga (from `../node_modules/react-native/ReactCommon/yoga`)

SPEC REPOS:
  trunk:
    - AppAuth
    - boost-for-react-native
    - FBSDKCoreKit
    - FBSDKLoginKit
    - FBSDKShareKit
    - Firebase
    - FirebaseCore
    - FirebaseCoreDiagnostics
    - GoogleDataTransport
    - GoogleSignIn
    - GoogleUtilities
    - GTMAppAuth
    - GTMSessionFetcher
    - lottie-ios
    - nanopb
    - PromisesObjC

EXTERNAL SOURCES:
  DoubleConversion:
    :podspec: "../node_modules/react-native/third-party-podspecs/DoubleConversion.podspec"
  FBLazyVector:
    :path: "../node_modules/react-native/Libraries/FBLazyVector"
  FBReactNativeSpec:
    :path: "../node_modules/react-native/Libraries/FBReactNativeSpec"
  Folly:
    :podspec: "../node_modules/react-native/third-party-podspecs/Folly.podspec"
  glog:
    :podspec: "../node_modules/react-native/third-party-podspecs/glog.podspec"
  lottie-react-native:
    :path: "../node_modules/lottie-react-native"
  Permission-Camera:
    :path: "../node_modules/react-native-permissions/ios/Camera.podspec"
  RCTRequired:
    :path: "../node_modules/react-native/Libraries/RCTRequired"
  RCTTypeSafety:
    :path: "../node_modules/react-native/Libraries/TypeSafety"
  React:
    :path: "../node_modules/react-native/"
  React-Core:
    :path: "../node_modules/react-native/"
  React-CoreModules:
    :path: "../node_modules/react-native/React/CoreModules"
  React-cxxreact:
    :path: "../node_modules/react-native/ReactCommon/cxxreact"
  React-jsi:
    :path: "../node_modules/react-native/ReactCommon/jsi"
  React-jsiexecutor:
    :path: "../node_modules/react-native/ReactCommon/jsiexecutor"
  React-jsinspector:
    :path: "../node_modules/react-native/ReactCommon/jsinspector"
  react-native-background-timer:
    :path: "../node_modules/react-native-background-timer"
  react-native-camera:
    :path: "../node_modules/react-native-camera"
  react-native-fbsdk:
    :path: "../node_modules/react-native-fbsdk"
  react-native-nfc-manager:
    :path: "../node_modules/react-native-nfc-manager"
  react-native-safe-area-context:
    :path: "../node_modules/react-native-safe-area-context"
  React-RCTActionSheet:
    :path: "../node_modules/react-native/Libraries/ActionSheetIOS"
  React-RCTAnimation:
    :path: "../node_modules/react-native/Libraries/NativeAnimation"
  React-RCTBlob:
    :path: "../node_modules/react-native/Libraries/Blob"
  React-RCTImage:
    :path: "../node_modules/react-native/Libraries/Image"
  React-RCTLinking:
    :path: "../node_modules/react-native/Libraries/LinkingIOS"
  React-RCTNetwork:
    :path: "../node_modules/react-native/Libraries/Network"
  React-RCTSettings:
    :path: "../node_modules/react-native/Libraries/Settings"
  React-RCTText:
    :path: "../node_modules/react-native/Libraries/Text"
  React-RCTVibration:
    :path: "../node_modules/react-native/Libraries/Vibration"
  ReactCommon:
    :path: "../node_modules/react-native/ReactCommon"
  RNCAsyncStorage:
    :path: "../node_modules/@react-native-community/async-storage"
  RNCClipboard:
    :path: "../node_modules/@react-native-clipboard/clipboard"
  RNCMaskedView:
    :path: "../node_modules/@react-native-community/masked-view"
  RNCPushNotificationIOS:
    :path: "../node_modules/@react-native-community/push-notification-ios"
  RNFBApp:
    :path: "../node_modules/@react-native-firebase/app"
  RNGestureHandler:
    :path: "../node_modules/react-native-gesture-handler"
  RNGoogleSignin:
    :path: "../node_modules/@react-native-community/google-signin"
  RNPermissions:
    :path: "../node_modules/react-native-permissions"
  RNReanimated:
    :path: "../node_modules/react-native-reanimated"
  RNScreens:
    :path: "../node_modules/react-native-screens"
  RNSVG:
    :path: "../node_modules/react-native-svg"
  RNVectorIcons:
    :path: "../node_modules/react-native-vector-icons"
  toolbar-android:
    :path: "../node_modules/@react-native-community/toolbar-android"
  Yoga:
    :path: "../node_modules/react-native/ReactCommon/yoga"

SPEC CHECKSUMS:
  AppAuth: 31bcec809a638d7bd2f86ea8a52bd45f6e81e7c7
  boost-for-react-native: 39c7adb57c4e60d6c5479dd8623128eb5b3f0f2c
  DoubleConversion: 5805e889d232975c086db112ece9ed034df7a0b2
  FBLazyVector: a93c5eef764b16789fa7875aac4e09119e806ad4
  FBReactNativeSpec: 587095d51601d15e04d21658df4bb7f030d0e7e1
  FBSDKCoreKit: 4afd6ff53d8133a433dbcda44451c9498f8c6ce4
  FBSDKLoginKit: 7181765f2524d7ebf82d9629066c8e6caafc99d0
  FBSDKShareKit: 0c0d51b3af47075a85ed9bea0e28b2fc70e3594b
  Firebase: c121feb35e4126c0b355e3313fa9b487d47319fd
  FirebaseCore: 907447d8917a4d3eb0cce2829c5a0ad21d90b432
  FirebaseCoreDiagnostics: 68ad972f99206cef818230f3f3179d52ccfb7f8c
  Folly: 30e7936e1c45c08d884aa59369ed951a8e68cf51
  glog: 1f3da668190260b06b429bb211bfbee5cd790c28
  GoogleDataTransport: cd9db2180fcecd8da1b561aea31e3e56cf834aa7
  GoogleSignIn: 7137d297ddc022a7e0aa4619c86d72c909fa7213
  GoogleUtilities: e1d9ed4e544fc32a93e00e721400cbc3f377200d
  GTMAppAuth: 5b53231ef6920f149ab84b2969cb0ab572da3077
  GTMSessionFetcher: b3503b20a988c4e20cc189aa798fd18220133f52
  lottie-ios: 3a3758ef5a008e762faec9c9d50a39842f26d124
  lottie-react-native: 1fb4ce21d6ad37dab8343eaff8719df76035bd93
  nanopb: a0ba3315591a9ae0a16a309ee504766e90db0c96
  Permission-Camera: 5d2aaf95592660b6dcb5e8d1d90ed5d0156cad02
  PromisesObjC: 3113f7f76903778cf4a0586bd1ab89329a0b7b97
  RCTRequired: c689bd96375408b455d1cda431d76e8226f6c726
  RCTTypeSafety: 9c1123190d064e9077e4dba96d51b93d10e0a8a5
  React: 1618bf33d410e5c30e313341fad837d7a82ae75e
  React-Core: 033265923ba9f8d3aff2a01465656d733763cf3d
  React-CoreModules: 6b34e0e134014a7fb03c0c7b4f9832d90d8cbfec
  React-cxxreact: f2e92695b9f589b282aa32600764c3360cfbada4
  React-jsi: ef7ed91688be7e01bc78080062b428ce1bcd79d0
  React-jsiexecutor: d664a436303eb2cf9919df250f40ce5cf5e99fbe
  React-jsinspector: 74f6ea8f9d38ff44cc8f9867b2ecc9130d6cc2e5
  react-native-background-timer: 17ea5e06803401a379ebf1f20505b793ac44d0fe
  react-native-camera: a22b33e521dbf3f8cd886f79f3aa310f401443d5
  react-native-fbsdk: 8e92c7a334fd8d9c2b5d8b8fcd7ae2c314161099
  react-native-nfc-manager: c792b9d484af4a8a82f0ae9b4a0fdf14567510dc
  react-native-safe-area-context: f0906bf8bc9835ac9a9d3f97e8bde2a997d8da79
  React-RCTActionSheet: abb6e20cdc3710d3442d735cdb2c641a5597f35d
  React-RCTAnimation: cacf34437277ae266c95896f40eb4e7604017132
  React-RCTBlob: ab3a193130b61816f8f3807941087873bfd5e8a4
  React-RCTImage: 52e151112199cc145107bb457e1df70ada999e40
  React-RCTLinking: 9ef27375004b7a3a2194f042f50d7c17dc92b91a
  React-RCTNetwork: 5057bcebafde579a78fcf477e19beef2a461b375
  React-RCTSettings: 5f6ec67d0d61c3d12f116b9314c4f3bcaf3e43df
  React-RCTText: fc8aaead300090f23dd0974545d75e3c43883922
  React-RCTVibration: 36a70f1015574284fa6770993c1e83a1f85dbabc
  ReactCommon: 3ea86417fa6e432b500579df40b057df54cfb4d4
  RNCAsyncStorage: b03032fdbdb725bea0bd9e5ec5a7272865ae7398
  RNCClipboard: 245417a78ab585e0d4d83926c28907e7b2bc24bd
  RNCMaskedView: 0e1bc4bfa8365eba5fbbb71e07fbdc0555249489
  RNCPushNotificationIOS: 61a7c72bd1ebad3568025957d001e0f0e7b32191
  RNFBApp: 9c90f9d576861947ba75fe0830567c570bcbcf6d
  RNGestureHandler: a479ebd5ed4221a810967000735517df0d2db211
  RNGoogleSignin: ad866d4c4af2651e36801dd3b7771d7715353499
  RNPermissions: 5df468064df661a4c8c017e2791ce90d7695eea5
  RNReanimated: 514a11da3a2bcc6c3dfd9de32b38e2b9bf101926
  RNScreens: f7ad633b2e0190b77b6a7aab7f914fad6f198d8d
  RNSVG: 551acb6562324b1d52a4e0758f7ca0ec234e278f
  RNVectorIcons: 368d6d8b8301224e5ffb6254191f4f8876c2be0d
  toolbar-android: 85f3ef4d691469f2d304e7dee4bca013aa1ba1ff
  Yoga: b5db822228963b87948afa7a5a531088607151dc

PODFILE CHECKSUM: f02bd0d2b6b47db911b6485155850e6f7d7f4581

COCOAPODS: 1.10.1
